// !$*UTF8*$!
{
	archiveVersion = 1;
	classes = {
	};
	objectVersion = 45;
	objects = {

/* Begin PBXBuildFile section */
		1D3623260D0F684500981E51 /* TheNextHOPEAppDelegate.m in Sources */ = {isa = PBXBuildFile; fileRef = 1D3623250D0F684500981E51 /* TheNextHOPEAppDelegate.m */; };
		1D60589B0D05DD56006BFB54 /* main.m in Sources */ = {isa = PBXBuildFile; fileRef = 29B97316FDCFA39411CA2CEA /* main.m */; };
		1D60589F0D05DD5A006BFB54 /* Foundation.framework in Frameworks */ = {isa = PBXBuildFile; fileRef = 1D30AB110D05D00D00671497 /* Foundation.framework */; };
		1DF5F4E00D08C38300B7A737 /* UIKit.framework in Frameworks */ = {isa = PBXBuildFile; fileRef = 1DF5F4DF0D08C38300B7A737 /* UIKit.framework */; };
		288765FD0DF74451002DB57D /* CoreGraphics.framework in Frameworks */ = {isa = PBXBuildFile; fileRef = 288765FC0DF74451002DB57D /* CoreGraphics.framework */; };
		28AD733F0D9D9553002E5188 /* MainWindow.xib in Resources */ = {isa = PBXBuildFile; fileRef = 28AD733E0D9D9553002E5188 /* MainWindow.xib */; };
		7540895311D3370C009F74A1 /* JSInterface.m in Sources */ = {isa = PBXBuildFile; fileRef = 7540895211D3370C009F74A1 /* JSInterface.m */; };
		75481EB711D848F10098C467 /* Default.png in Resources */ = {isa = PBXBuildFile; fileRef = 75481EB611D848F10098C467 /* Default.png */; };
		7597134011D80C1500DD1919 /* favorites.html in Resources */ = {isa = PBXBuildFile; fileRef = 7597132911D80C1500DD1919 /* favorites.html */; };
		7597134111D80C1500DD1919 /* background1.jpg in Resources */ = {isa = PBXBuildFile; fileRef = 7597132B11D80C1500DD1919 /* background1.jpg */; };
		7597134211D80C1500DD1919 /* background2.jpg in Resources */ = {isa = PBXBuildFile; fileRef = 7597132C11D80C1500DD1919 /* background2.jpg */; };
		7597134311D80C1500DD1919 /* background3.jpg in Resources */ = {isa = PBXBuildFile; fileRef = 7597132D11D80C1500DD1919 /* background3.jpg */; };
		7597134411D80C1500DD1919 /* background4.jpg in Resources */ = {isa = PBXBuildFile; fileRef = 7597132E11D80C1500DD1919 /* background4.jpg */; };
		7597134511D80C1500DD1919 /* cal.png in Resources */ = {isa = PBXBuildFile; fileRef = 7597132F11D80C1500DD1919 /* cal.png */; };
		7597134611D80C1500DD1919 /* fav_off.png in Resources */ = {isa = PBXBuildFile; fileRef = 7597133011D80C1500DD1919 /* fav_off.png */; };
		7597134711D80C1500DD1919 /* fav_on.png in Resources */ = {isa = PBXBuildFile; fileRef = 7597133111D80C1500DD1919 /* fav_on.png */; };
		7597134811D80C1500DD1919 /* loading.png in Resources */ = {isa = PBXBuildFile; fileRef = 7597133211D80C1500DD1919 /* loading.png */; };
		7597135211D80C1500DD1919 /* search.html in Resources */ = {isa = PBXBuildFile; fileRef = 7597133D11D80C1500DD1919 /* search.html */; };
		7597135311D80C1500DD1919 /* schedule.html in Resources */ = {isa = PBXBuildFile; fileRef = 7597133E11D80C1500DD1919 /* schedule.html */; };
		7597135411D80C1500DD1919 /* style.css in Resources */ = {isa = PBXBuildFile; fileRef = 7597133F11D80C1500DD1919 /* style.css */; };
		7597135511D80C2400DD1919 /* data.js in Resources */ = {isa = PBXBuildFile; fileRef = 7597133411D80C1500DD1919 /* data.js */; };
		7597135611D80C2400DD1919 /* favorites.js in Resources */ = {isa = PBXBuildFile; fileRef = 7597133511D80C1500DD1919 /* favorites.js */; };
		7597135711D80C2400DD1919 /* filter.js in Resources */ = {isa = PBXBuildFile; fileRef = 7597133611D80C1500DD1919 /* filter.js */; };
		7597135811D80C2400DD1919 /* helpers.js in Resources */ = {isa = PBXBuildFile; fileRef = 7597133711D80C1500DD1919 /* helpers.js */; };
		7597135911D80C2400DD1919 /* jquery-1.4.2.min.js in Resources */ = {isa = PBXBuildFile; fileRef = 7597133811D80C1500DD1919 /* jquery-1.4.2.min.js */; };
		7597135A11D80C2400DD1919 /* jqurl.js in Resources */ = {isa = PBXBuildFile; fileRef = 7597133911D80C1500DD1919 /* jqurl.js */; };
		7597135B11D80C2400DD1919 /* jsinterface.js in Resources */ = {isa = PBXBuildFile; fileRef = 7597133A11D80C1500DD1919 /* jsinterface.js */; };
		7597135C11D80C2400DD1919 /* json.js in Resources */ = {isa = PBXBuildFile; fileRef = 7597133B11D80C1500DD1919 /* json.js */; };
		7597135D11D80C2400DD1919 /* util.js in Resources */ = {isa = PBXBuildFile; fileRef = 7597133C11D80C1500DD1919 /* util.js */; };
		7597143F11D821A200DD1919 /* notice.html in Resources */ = {isa = PBXBuildFile; fileRef = 7597143E11D821A200DD1919 /* notice.html */; };
		75F0449711D5545B002C3DED /* button.png in Resources */ = {isa = PBXBuildFile; fileRef = 75F0449611D5545B002C3DED /* button.png */; };
		75F0449911D5552E002C3DED /* button_touch.png in Resources */ = {isa = PBXBuildFile; fileRef = 75F0449811D5552E002C3DED /* button_touch.png */; };
		75F50ED411D589B100CCC5E9 /* icon.png in Resources */ = {isa = PBXBuildFile; fileRef = 75F50ED311D589B100CCC5E9 /* icon.png */; };
/* End PBXBuildFile section */

/* Begin PBXFileReference section */
		1D30AB110D05D00D00671497 /* Foundation.framework */ = {isa = PBXFileReference; lastKnownFileType = wrapper.framework; name = Foundation.framework; path = System/Library/Frameworks/Foundation.framework; sourceTree = SDKROOT; };
		1D3623240D0F684500981E51 /* TheNextHOPEAppDelegate.h */ = {isa = PBXFileReference; fileEncoding = 4; lastKnownFileType = sourcecode.c.h; path = TheNextHOPEAppDelegate.h; sourceTree = "<group>"; };
		1D3623250D0F684500981E51 /* TheNextHOPEAppDelegate.m */ = {isa = PBXFileReference; fileEncoding = 4; lastKnownFileType = sourcecode.c.objc; path = TheNextHOPEAppDelegate.m; sourceTree = "<group>"; };
		1D6058910D05DD3D006BFB54 /* TheNextHOPE.app */ = {isa = PBXFileReference; explicitFileType = wrapper.application; includeInIndex = 0; path = TheNextHOPE.app; sourceTree = BUILT_PRODUCTS_DIR; };
		1DF5F4DF0D08C38300B7A737 /* UIKit.framework */ = {isa = PBXFileReference; lastKnownFileType = wrapper.framework; name = UIKit.framework; path = System/Library/Frameworks/UIKit.framework; sourceTree = SDKROOT; };
		288765FC0DF74451002DB57D /* CoreGraphics.framework */ = {isa = PBXFileReference; lastKnownFileType = wrapper.framework; name = CoreGraphics.framework; path = System/Library/Frameworks/CoreGraphics.framework; sourceTree = SDKROOT; };
		28AD733E0D9D9553002E5188 /* MainWindow.xib */ = {isa = PBXFileReference; lastKnownFileType = file.xib; path = MainWindow.xib; sourceTree = "<group>"; };
		29B97316FDCFA39411CA2CEA /* main.m */ = {isa = PBXFileReference; fileEncoding = 4; lastKnownFileType = sourcecode.c.objc; path = main.m; sourceTree = "<group>"; };
		32CA4F630368D1EE00C91783 /* TheNextHOPE_Prefix.pch */ = {isa = PBXFileReference; fileEncoding = 4; lastKnownFileType = sourcecode.c.h; path = TheNextHOPE_Prefix.pch; sourceTree = "<group>"; };
		7540895111D3370C009F74A1 /* JSInterface.h */ = {isa = PBXFileReference; fileEncoding = 4; lastKnownFileType = sourcecode.c.h; path = JSInterface.h; sourceTree = "<group>"; };
		7540895211D3370C009F74A1 /* JSInterface.m */ = {isa = PBXFileReference; fileEncoding = 4; lastKnownFileType = sourcecode.c.objc; path = JSInterface.m; sourceTree = "<group>"; };
		75481EB611D848F10098C467 /* Default.png */ = {isa = PBXFileReference; lastKnownFileType = image.png; name = Default.png; path = resources/Default.png; sourceTree = "<group>"; };
		7597132911D80C1500DD1919 /* favorites.html */ = {isa = PBXFileReference; fileEncoding = 4; lastKnownFileType = text.html; path = favorites.html; sourceTree = "<group>"; };
		7597132B11D80C1500DD1919 /* background1.jpg */ = {isa = PBXFileReference; lastKnownFileType = image.jpeg; path = background1.jpg; sourceTree = "<group>"; };
		7597132C11D80C1500DD1919 /* background2.jpg */ = {isa = PBXFileReference; lastKnownFileType = image.jpeg; path = background2.jpg; sourceTree = "<group>"; };
		7597132D11D80C1500DD1919 /* background3.jpg */ = {isa = PBXFileReference; lastKnownFileType = image.jpeg; path = background3.jpg; sourceTree = "<group>"; };
		7597132E11D80C1500DD1919 /* background4.jpg */ = {isa = PBXFileReference; lastKnownFileType = image.jpeg; path = background4.jpg; sourceTree = "<group>"; };
		7597132F11D80C1500DD1919 /* cal.png */ = {isa = PBXFileReference; lastKnownFileType = image.png; path = cal.png; sourceTree = "<group>"; };
		7597133011D80C1500DD1919 /* fav_off.png */ = {isa = PBXFileReference; lastKnownFileType = image.png; path = fav_off.png; sourceTree = "<group>"; };
		7597133111D80C1500DD1919 /* fav_on.png */ = {isa = PBXFileReference; lastKnownFileType = image.png; path = fav_on.png; sourceTree = "<group>"; };
		7597133211D80C1500DD1919 /* loading.png */ = {isa = PBXFileReference; lastKnownFileType = image.png; path = loading.png; sourceTree = "<group>"; };
		7597133411D80C1500DD1919 /* data.js */ = {isa = PBXFileReference; fileEncoding = 4; lastKnownFileType = sourcecode.javascript; path = data.js; sourceTree = "<group>"; };
		7597133511D80C1500DD1919 /* favorites.js */ = {isa = PBXFileReference; fileEncoding = 4; lastKnownFileType = sourcecode.javascript; path = favorites.js; sourceTree = "<group>"; };
		7597133611D80C1500DD1919 /* filter.js */ = {isa = PBXFileReference; fileEncoding = 4; lastKnownFileType = sourcecode.javascript; path = filter.js; sourceTree = "<group>"; };
		7597133711D80C1500DD1919 /* helpers.js */ = {isa = PBXFileReference; fileEncoding = 4; lastKnownFileType = sourcecode.javascript; path = helpers.js; sourceTree = "<group>"; };
		7597133811D80C1500DD1919 /* jquery-1.4.2.min.js */ = {isa = PBXFileReference; fileEncoding = 4; lastKnownFileType = sourcecode.javascript; path = "jquery-1.4.2.min.js"; sourceTree = "<group>"; };
		7597133911D80C1500DD1919 /* jqurl.js */ = {isa = PBXFileReference; fileEncoding = 4; lastKnownFileType = sourcecode.javascript; path = jqurl.js; sourceTree = "<group>"; };
		7597133A11D80C1500DD1919 /* jsinterface.js */ = {isa = PBXFileReference; fileEncoding = 4; lastKnownFileType = sourcecode.javascript; path = jsinterface.js; sourceTree = "<group>"; };
		7597133B11D80C1500DD1919 /* json.js */ = {isa = PBXFileReference; fileEncoding = 4; lastKnownFileType = sourcecode.javascript; path = json.js; sourceTree = "<group>"; };
		7597133C11D80C1500DD1919 /* util.js */ = {isa = PBXFileReference; fileEncoding = 4; lastKnownFileType = sourcecode.javascript; path = util.js; sourceTree = "<group>"; };
		7597133D11D80C1500DD1919 /* search.html */ = {isa = PBXFileReference; fileEncoding = 4; lastKnownFileType = text.html; path = search.html; sourceTree = "<group>"; };
		7597133E11D80C1500DD1919 /* schedule.html */ = {isa = PBXFileReference; fileEncoding = 4; lastKnownFileType = text.html; path = schedule.html; sourceTree = "<group>"; };
		7597133F11D80C1500DD1919 /* style.css */ = {isa = PBXFileReference; fileEncoding = 4; lastKnownFileType = text.css; path = style.css; sourceTree = "<group>"; };
		7597143E11D821A200DD1919 /* notice.html */ = {isa = PBXFileReference; fileEncoding = 4; lastKnownFileType = text.html; path = notice.html; sourceTree = "<group>"; };
		75F0449611D5545B002C3DED /* button.png */ = {isa = PBXFileReference; lastKnownFileType = image.png; name = button.png; path = resources/button.png; sourceTree = "<group>"; };
		75F0449811D5552E002C3DED /* button_touch.png */ = {isa = PBXFileReference; lastKnownFileType = image.png; name = button_touch.png; path = resources/button_touch.png; sourceTree = "<group>"; };
		75F50ED311D589B100CCC5E9 /* icon.png */ = {isa = PBXFileReference; lastKnownFileType = image.png; name = icon.png; path = resources/icon.png; sourceTree = "<group>"; };
		8D1107310486CEB800E47090 /* TheNextHOPE-Info.plist */ = {isa = PBXFileReference; fileEncoding = 4; lastKnownFileType = text.plist.xml; path = "TheNextHOPE-Info.plist"; plistStructureDefinitionIdentifier = "com.apple.xcode.plist.structure-definition.iphone.info-plist"; sourceTree = "<group>"; };
/* End PBXFileReference section */

/* Begin PBXFrameworksBuildPhase section */
		1D60588F0D05DD3D006BFB54 /* Frameworks */ = {
			isa = PBXFrameworksBuildPhase;
			buildActionMask = 2147483647;
			files = (
				1D60589F0D05DD5A006BFB54 /* Foundation.framework in Frameworks */,
				1DF5F4E00D08C38300B7A737 /* UIKit.framework in Frameworks */,
				288765FD0DF74451002DB57D /* CoreGraphics.framework in Frameworks */,
			);
			runOnlyForDeploymentPostprocessing = 0;
		};
/* End PBXFrameworksBuildPhase section */

/* Begin PBXGroup section */
		080E96DDFE201D6D7F000001 /* Classes */ = {
			isa = PBXGroup;
			children = (
				1D3623240D0F684500981E51 /* TheNextHOPEAppDelegate.h */,
				1D3623250D0F684500981E51 /* TheNextHOPEAppDelegate.m */,
				7540895111D3370C009F74A1 /* JSInterface.h */,
				7540895211D3370C009F74A1 /* JSInterface.m */,
			);
			path = Classes;
			sourceTree = "<group>";
		};
		19C28FACFE9D520D11CA2CBB /* Products */ = {
			isa = PBXGroup;
			children = (
				1D6058910D05DD3D006BFB54 /* TheNextHOPE.app */,
			);
			name = Products;
			sourceTree = "<group>";
		};
		29B97314FDCFA39411CA2CEA /* CustomTemplate */ = {
			isa = PBXGroup;
			children = (
				080E96DDFE201D6D7F000001 /* Classes */,
				29B97315FDCFA39411CA2CEA /* Other Sources */,
				29B97317FDCFA39411CA2CEA /* Resources */,
				29B97323FDCFA39411CA2CEA /* Frameworks */,
				19C28FACFE9D520D11CA2CBB /* Products */,
			);
			name = CustomTemplate;
			sourceTree = "<group>";
		};
		29B97315FDCFA39411CA2CEA /* Other Sources */ = {
			isa = PBXGroup;
			children = (
				32CA4F630368D1EE00C91783 /* TheNextHOPE_Prefix.pch */,
				29B97316FDCFA39411CA2CEA /* main.m */,
			);
			name = "Other Sources";
			sourceTree = "<group>";
		};
		29B97317FDCFA39411CA2CEA /* Resources */ = {
			isa = PBXGroup;
			children = (
				75481EB611D848F10098C467 /* Default.png */,
				75F0449811D5552E002C3DED /* button_touch.png */,
				75F0449611D5545B002C3DED /* button.png */,
				753BA98011C585A90040C7FD /* www */,
				28AD733E0D9D9553002E5188 /* MainWindow.xib */,
				8D1107310486CEB800E47090 /* TheNextHOPE-Info.plist */,
				75F50ED311D589B100CCC5E9 /* icon.png */,
			);
			name = Resources;
			sourceTree = "<group>";
		};
		29B97323FDCFA39411CA2CEA /* Frameworks */ = {
			isa = PBXGroup;
			children = (
				1DF5F4DF0D08C38300B7A737 /* UIKit.framework */,
				1D30AB110D05D00D00671497 /* Foundation.framework */,
				288765FC0DF74451002DB57D /* CoreGraphics.framework */,
			);
			name = Frameworks;
			sourceTree = "<group>";
		};
		753BA98011C585A90040C7FD /* www */ = {
			isa = PBXGroup;
			children = (
				7597132A11D80C1500DD1919 /* images */,
				7597133311D80C1500DD1919 /* js */,
				7597143E11D821A200DD1919 /* notice.html */,
				7597133D11D80C1500DD1919 /* search.html */,
				7597132911D80C1500DD1919 /* favorites.html */,
				7597133E11D80C1500DD1919 /* schedule.html */,
				7597133F11D80C1500DD1919 /* style.css */,
			);
			path = www;
			sourceTree = "<group>";
		};
		7597132A11D80C1500DD1919 /* images */ = {
			isa = PBXGroup;
			children = (
				7597132B11D80C1500DD1919 /* background1.jpg */,
				7597132C11D80C1500DD1919 /* background2.jpg */,
				7597132D11D80C1500DD1919 /* background3.jpg */,
				7597132E11D80C1500DD1919 /* background4.jpg */,
				7597132F11D80C1500DD1919 /* cal.png */,
				7597133011D80C1500DD1919 /* fav_off.png */,
				7597133111D80C1500DD1919 /* fav_on.png */,
				7597133211D80C1500DD1919 /* loading.png */,
			);
			path = images;
			sourceTree = "<group>";
		};
		7597133311D80C1500DD1919 /* js */ = {
			isa = PBXGroup;
			children = (
				7597133411D80C1500DD1919 /* data.js */,
				7597133511D80C1500DD1919 /* favorites.js */,
				7597133611D80C1500DD1919 /* filter.js */,
				7597133711D80C1500DD1919 /* helpers.js */,
				7597133811D80C1500DD1919 /* jquery-1.4.2.min.js */,
				7597133911D80C1500DD1919 /* jqurl.js */,
				7597133A11D80C1500DD1919 /* jsinterface.js */,
				7597133B11D80C1500DD1919 /* json.js */,
				7597133C11D80C1500DD1919 /* util.js */,
			);
			path = js;
			sourceTree = "<group>";
		};
/* End PBXGroup section */

/* Begin PBXNativeTarget section */
		1D6058900D05DD3D006BFB54 /* TheNextHOPE */ = {
			isa = PBXNativeTarget;
			buildConfigurationList = 1D6058960D05DD3E006BFB54 /* Build configuration list for PBXNativeTarget "TheNextHOPE" */;
			buildPhases = (
				1D60588D0D05DD3D006BFB54 /* Resources */,
				1D60588E0D05DD3D006BFB54 /* Sources */,
				1D60588F0D05DD3D006BFB54 /* Frameworks */,
			);
			buildRules = (
			);
			dependencies = (
			);
			name = TheNextHOPE;
			productName = TheNextHOPE;
			productReference = 1D6058910D05DD3D006BFB54 /* TheNextHOPE.app */;
			productType = "com.apple.product-type.application";
		};
/* End PBXNativeTarget section */

/* Begin PBXProject section */
		29B97313FDCFA39411CA2CEA /* Project object */ = {
			isa = PBXProject;
			buildConfigurationList = C01FCF4E08A954540054247B /* Build configuration list for PBXProject "TheNextHOPE" */;
			compatibilityVersion = "Xcode 3.1";
			hasScannedForEncodings = 1;
			mainGroup = 29B97314FDCFA39411CA2CEA /* CustomTemplate */;
			projectDirPath = "";
			projectRoot = "";
			targets = (
				1D6058900D05DD3D006BFB54 /* TheNextHOPE */,
			);
		};
/* End PBXProject section */

/* Begin PBXResourcesBuildPhase section */
		1D60588D0D05DD3D006BFB54 /* Resources */ = {
			isa = PBXResourcesBuildPhase;
			buildActionMask = 2147483647;
			files = (
				7597135511D80C2400DD1919 /* data.js in Resources */,
				7597135611D80C2400DD1919 /* favorites.js in Resources */,
				7597135711D80C2400DD1919 /* filter.js in Resources */,
				7597135811D80C2400DD1919 /* helpers.js in Resources */,
				7597135911D80C2400DD1919 /* jquery-1.4.2.min.js in Resources */,
				7597135A11D80C2400DD1919 /* jqurl.js in Resources */,
				7597135B11D80C2400DD1919 /* jsinterface.js in Resources */,
				7597135C11D80C2400DD1919 /* json.js in Resources */,
				7597135D11D80C2400DD1919 /* util.js in Resources */,
				28AD733F0D9D9553002E5188 /* MainWindow.xib in Resources */,
				75F0449711D5545B002C3DED /* button.png in Resources */,
				75F0449911D5552E002C3DED /* button_touch.png in Resources */,
				75F50ED411D589B100CCC5E9 /* icon.png in Resources */,
				7597134011D80C1500DD1919 /* favorites.html in Resources */,
				7597134111D80C1500DD1919 /* background1.jpg in Resources */,
				7597134211D80C1500DD1919 /* background2.jpg in Resources */,
				7597134311D80C1500DD1919 /* background3.jpg in Resources */,
				7597134411D80C1500DD1919 /* background4.jpg in Resources */,
				7597134511D80C1500DD1919 /* cal.png in Resources */,
				7597134611D80C1500DD1919 /* fav_off.png in Resources */,
				7597134711D80C1500DD1919 /* fav_on.png in Resources */,
				7597134811D80C1500DD1919 /* loading.png in Resources */,
				7597135211D80C1500DD1919 /* search.html in Resources */,
				7597135311D80C1500DD1919 /* schedule.html in Resources */,
				7597135411D80C1500DD1919 /* style.css in Resources */,
				7597143F11D821A200DD1919 /* notice.html in Resources */,
				75481EB711D848F10098C467 /* Default.png in Resources */,
			);
			runOnlyForDeploymentPostprocessing = 0;
		};
/* End PBXResourcesBuildPhase section */

/* Begin PBXSourcesBuildPhase section */
		1D60588E0D05DD3D006BFB54 /* Sources */ = {
			isa = PBXSourcesBuildPhase;
			buildActionMask = 2147483647;
			files = (
				1D60589B0D05DD56006BFB54 /* main.m in Sources */,
				1D3623260D0F684500981E51 /* TheNextHOPEAppDelegate.m in Sources */,
				7540895311D3370C009F74A1 /* JSInterface.m in Sources */,
			);
			runOnlyForDeploymentPostprocessing = 0;
		};
/* End PBXSourcesBuildPhase section */

/* Begin XCBuildConfiguration section */
		1D6058940D05DD3E006BFB54 /* Debug */ = {
			isa = XCBuildConfiguration;
			buildSettings = {
				ALWAYS_SEARCH_USER_PATHS = NO;
				COPY_PHASE_STRIP = NO;
				GCC_DYNAMIC_NO_PIC = NO;
				GCC_OPTIMIZATION_LEVEL = 0;
				GCC_PRECOMPILE_PREFIX_HEADER = YES;
				GCC_PREFIX_HEADER = TheNextHOPE_Prefix.pch;
				INFOPLIST_FILE = "TheNextHOPE-Info.plist";
				PRODUCT_NAME = TheNextHOPE;
				SDKROOT = iphoneos3.2;
			};
			name = Debug;
		};
		1D6058950D05DD3E006BFB54 /* Release */ = {
			isa = XCBuildConfiguration;
			buildSettings = {
				ALWAYS_SEARCH_USER_PATHS = NO;
				COPY_PHASE_STRIP = YES;
				GCC_PRECOMPILE_PREFIX_HEADER = YES;
				GCC_PREFIX_HEADER = TheNextHOPE_Prefix.pch;
				INFOPLIST_FILE = "TheNextHOPE-Info.plist";
				PRODUCT_NAME = TheNextHOPE;
				SDKROOT = iphoneos3.2;
				VALIDATE_PRODUCT = YES;
			};
			name = Release;
		};
		75481EC711D84BE20098C467 /* Ad-Hoc */ = {
			isa = XCBuildConfiguration;
			buildSettings = {
				ARCHS = "$(ARCHS_STANDARD_32_BIT)";
				"CODE_SIGN_IDENTITY[sdk=iphoneos*]" = "iPhone Distribution: Micah Lee";
				GCC_C_LANGUAGE_STANDARD = c99;
				GCC_WARN_ABOUT_RETURN_TYPE = YES;
				GCC_WARN_UNUSED_VARIABLE = YES;
				OTHER_CFLAGS = "-DNS_BLOCK_ASSERTIONS=1";
				PREBINDING = NO;
				"PROVISIONING_PROFILE[sdk=iphoneos*]" = "858296BC-96D5-4AB0-BCE1-8FDB0E404CFA";
				SDKROOT = iphoneos4.0;
			};
			name = "Ad-Hoc";
		};
		75481EC811D84BE20098C467 /* Ad-Hoc */ = {
			isa = XCBuildConfiguration;
			buildSettings = {
				ALWAYS_SEARCH_USER_PATHS = NO;
				COPY_PHASE_STRIP = YES;
				GCC_PRECOMPILE_PREFIX_HEADER = YES;
				GCC_PREFIX_HEADER = TheNextHOPE_Prefix.pch;
				INFOPLIST_FILE = "TheNextHOPE-Info.plist";
				PRODUCT_NAME = TheNextHOPE;
				SDKROOT = iphoneos3.2;
				VALIDATE_PRODUCT = YES;
			};
			name = "Ad-Hoc";
		};
		C01FCF4F08A954540054247B /* Debug */ = {
			isa = XCBuildConfiguration;
			buildSettings = {
				ARCHS = "$(ARCHS_STANDARD_32_BIT)";
				"CODE_SIGN_IDENTITY[sdk=iphoneos*]" = "iPhone Developer: Micah Lee (GZTJ86EYA2)";
				GCC_C_LANGUAGE_STANDARD = c99;
				GCC_WARN_ABOUT_RETURN_TYPE = YES;
				GCC_WARN_UNUSED_VARIABLE = YES;
				PREBINDING = NO;
				"PROVISIONING_PROFILE[sdk=iphoneos*]" = "FF0B7B06-146E-4572-BB74-4DEA36D929E6";
				SDKROOT = iphoneos3.0;
			};
			name = Debug;
		};
		C01FCF5008A954540054247B /* Release */ = {
			isa = XCBuildConfiguration;
			buildSettings = {
				ARCHS = "$(ARCHS_STANDARD_32_BIT)";
				"CODE_SIGN_IDENTITY[sdk=iphoneos*]" = "iPhone Developer";
				GCC_C_LANGUAGE_STANDARD = c99;
				GCC_WARN_ABOUT_RETURN_TYPE = YES;
				GCC_WARN_UNUSED_VARIABLE = YES;
				OTHER_CFLAGS = "-DNS_BLOCK_ASSERTIONS=1";
				PREBINDING = NO;
				SDKROOT = iphoneos4.0;
			};
			name = Release;
		};
/* End XCBuildConfiguration section */

/* Begin XCConfigurationList section */
		1D6058960D05DD3E006BFB54 /* Build configuration list for PBXNativeTarget "TheNextHOPE" */ = {
			isa = XCConfigurationList;
			buildConfigurations = (
				1D6058940D05DD3E006BFB54 /* Debug */,
				1D6058950D05DD3E006BFB54 /* Release */,
				75481EC811D84BE20098C467 /* Ad-Hoc */,
			);
			defaultConfigurationIsVisible = 0;
			defaultConfigurationName = Release;
		};
		C01FCF4E08A954540054247B /* Build configuration list for PBXProject "TheNextHOPE" */ = {
			isa = XCConfigurationList;
			buildConfigurations = (
				C01FCF4F08A954540054247B /* Debug */,
				C01FCF5008A954540054247B /* Release */,
				75481EC711D84BE20098C467 /* Ad-Hoc */,
			);
			defaultConfigurationIsVisible = 0;
			defaultConfigurationName = Release;
		};
/* End XCConfigurationList section */
	};
	rootObject = 29B97313FDCFA39411CA2CEA /* Project object */;
}
